
Microsoft Visual Studio Solution File, Format Version 12.00
# Visual Studio Version 17
VisualStudioVersion = 17.3.32901.215
MinimumVisualStudioVersion = 10.0.40219.1
Project("{FAE04EC0-301F-11D3-BF4B-00C04F79EFBC}") = "Branches", "Branches\Branches.csproj", "{325473BF-1DC1-46BB-9BE9-E4CB640E4080}"
EndProject
Global
	GlobalSection(SolutionConfigurationPlatforms) = preSolution
		Debug|Any CPU = Debug|Any CPU
		Release|Any CPU = Release|Any CPU
	EndGlobalSection
	GlobalSection(ProjectConfigurationPlatforms) = postSolution
		{325473BF-1DC1-46BB-9BE9-E4CB640E4080}.Debug|Any CPU.ActiveCfg = Debug|Any CPU
		{325473BF-1DC1-46BB-9BE9-E4CB640E4080}.Debug|Any CPU.Build.0 = Debug|Any CPU
		{325473BF-1DC1-46BB-9BE9-E4CB640E4080}.Release|Any CPU.ActiveCfg = Release|Any CPU
		{325473BF-1DC1-46BB-9BE9-E4CB640E4080}.Release|Any CPU.Build.0 = Release|Any CPU
	EndGlobalSection
	GlobalSection(SolutionProperties) = preSolution
		HideSolutionNode = FALSE
	EndGlobalSection
	GlobalSection(ExtensibilityGlobals) = postSolution
		SolutionGuid = {341632E8-CF23-4D7C-8D16-22D1644F446A}
	EndGlobalSection
EndGlobal
